# This is a Gradle generated file for dependency locking.
# Manual edits can break the build and are not advised.
# This file is expected to be part of source control.
com.fasterxml:classmate:1.5.1=compileClasspath
io.projectreactor.kotlin:reactor-kotlin-extensions:1.1.7=compileClasspath
io.projectreactor:reactor-core:3.4.21=compileClasspath
jakarta.validation:jakarta.validation-api:2.0.2=compileClasspath
org.apache.tomcat.embed:tomcat-embed-el:9.0.65=compileClasspath
org.hibernate.validator:hibernate-validator:6.2.3.Final=compileClasspath
org.jboss.logging:jboss-logging:3.4.3.Final=compileClasspath
org.jetbrains.kotlin:kotlin-bom:1.7.10=compileClasspath
org.jetbrains.kotlin:kotlin-reflect:1.7.10=compileClasspath
org.jetbrains.kotlin:kotlin-stdlib-common:1.6.21=compileClasspath
org.jetbrains.kotlin:kotlin-stdlib-jdk7:1.6.21=compileClasspath
org.jetbrains.kotlin:kotlin-stdlib-jdk8:1.6.21=compileClasspath
org.jetbrains.kotlin:kotlin-stdlib:1.7.10=compileClasspath
org.jetbrains.kotlinx:kotlinx-coroutines-bom:1.6.4=compileClasspath
org.jetbrains.kotlinx:kotlinx-coroutines-core-jvm:1.6.4=compileClasspath
org.jetbrains.kotlinx:kotlinx-coroutines-core:1.6.4=compileClasspath
org.jetbrains.kotlinx:kotlinx-coroutines-reactive:1.6.4=compileClasspath
org.jetbrains.kotlinx:kotlinx-coroutines-reactor:1.6.4=compileClasspath
org.jetbrains:annotations:13.0=compileClasspath
org.reactivestreams:reactive-streams:1.0.4=compileClasspath
empty=
