# This is a Gradle generated file for dependency locking.
# Manual edits can break the build and are not advised.
# This file is expected to be part of source control.
com.fasterxml:classmate:1.7.0=compileClasspath
io.projectreactor.kotlin:reactor-kotlin-extensions:1.2.2=compileClasspath
io.projectreactor:reactor-core:3.6.6=compileClasspath
jakarta.validation:jakarta.validation-api:3.0.2=compileClasspath
org.apache.tomcat.embed:tomcat-embed-el:10.1.24=compileClasspath
org.hibernate.validator:hibernate-validator:8.0.1.Final=compileClasspath
org.jboss.logging:jboss-logging:3.5.3.Final=compileClasspath
org.jetbrains.kotlin:kotlin-bom:2.0.0=compileClasspath
org.jetbrains.kotlin:kotlin-reflect:2.0.0=compileClasspath
org.jetbrains.kotlin:kotlin-stdlib:2.0.0=compileClasspath
org.jetbrains.kotlinx:kotlinx-coroutines-bom:1.8.1=compileClasspath
org.jetbrains.kotlinx:kotlinx-coroutines-core-jvm:1.8.1=compileClasspath
org.jetbrains.kotlinx:kotlinx-coroutines-core:1.8.1=compileClasspath
org.jetbrains.kotlinx:kotlinx-coroutines-reactive:1.8.1=compileClasspath
org.jetbrains.kotlinx:kotlinx-coroutines-reactor:1.8.1=compileClasspath
org.jetbrains:annotations:23.0.0=compileClasspath
org.reactivestreams:reactive-streams:1.0.4=compileClasspath
empty=
